{
  "requires": true,
  "lockfileVersion": 1,
  "dependencies": {
    "xterm": {
      "version": "3.14.5",
      "resolved": "https://registry.npmjs.org/xterm/-/xterm-3.14.5.tgz",
      "integrity": "sha512-DVmQ8jlEtL+WbBKUZuMxHMBgK/yeIZwkXB81bH+MGaKKnJGYwA+770hzhXPfwEIokK9On9YIFPRleVp/5G7z9g=="
    }
  }
}
